
Microsoft Visual Studio Solution File, Format Version 12.00
# Visual Studio 14
VisualStudioVersion = 14.0.24720.0
MinimumVisualStudioVersion = 10.0.40219.1
Project("{FAE04EC0-301F-11D3-BF4B-00C04F79EFBC}") = "mlk_1_csharp.Server", "mlk_1_csharp.Server\mlk_1_csharp.Server.csproj", "{15B8980D-57E4-48D3-A80A-1CEF168A27DF}"
EndProject
Project("{FAE04EC0-301F-11D3-BF4B-00C04F79EFBC}") = "mlk_1_csharp.Core", "mlk_1_csharp.Core\mlk_1_csharp.Core.csproj", "{C7C4FAB1-176C-4E59-9C8E-5A27222C7E99}"
EndProject
Project("{FAE04EC0-301F-11D3-BF4B-00C04F79EFBC}") = "mlk_1_csharp.Client", "mlk_1_csharp.Client\mlk_1_csharp.Client.csproj", "{60733E19-4F69-47FF-AC61-BBD3F2339DB1}"
EndProject
Global
	GlobalSection(SolutionConfigurationPlatforms) = preSolution
		Debug|Any CPU = Debug|Any CPU
		Debug|x86 = Debug|x86
		Release|Any CPU = Release|Any CPU
		Release|x86 = Release|x86
	EndGlobalSection
	GlobalSection(ProjectConfigurationPlatforms) = postSolution
		{15B8980D-57E4-48D3-A80A-1CEF168A27DF}.Debug|Any CPU.ActiveCfg = Debug|x86
		{15B8980D-57E4-48D3-A80A-1CEF168A27DF}.Debug|x86.ActiveCfg = Debug|x86
		{15B8980D-57E4-48D3-A80A-1CEF168A27DF}.Debug|x86.Build.0 = Debug|x86
		{15B8980D-57E4-48D3-A80A-1CEF168A27DF}.Release|Any CPU.ActiveCfg = Release|x86
		{15B8980D-57E4-48D3-A80A-1CEF168A27DF}.Release|x86.ActiveCfg = Release|x86
		{15B8980D-57E4-48D3-A80A-1CEF168A27DF}.Release|x86.Build.0 = Release|x86
		{C7C4FAB1-176C-4E59-9C8E-5A27222C7E99}.Debug|Any CPU.ActiveCfg = Debug|Any CPU
		{C7C4FAB1-176C-4E59-9C8E-5A27222C7E99}.Debug|Any CPU.Build.0 = Debug|Any CPU
		{C7C4FAB1-176C-4E59-9C8E-5A27222C7E99}.Debug|x86.ActiveCfg = Debug|Any CPU
		{C7C4FAB1-176C-4E59-9C8E-5A27222C7E99}.Debug|x86.Build.0 = Debug|Any CPU
		{C7C4FAB1-176C-4E59-9C8E-5A27222C7E99}.Release|Any CPU.ActiveCfg = Release|Any CPU
		{C7C4FAB1-176C-4E59-9C8E-5A27222C7E99}.Release|Any CPU.Build.0 = Release|Any CPU
		{C7C4FAB1-176C-4E59-9C8E-5A27222C7E99}.Release|x86.ActiveCfg = Release|Any CPU
		{C7C4FAB1-176C-4E59-9C8E-5A27222C7E99}.Release|x86.Build.0 = Release|Any CPU
		{60733E19-4F69-47FF-AC61-BBD3F2339DB1}.Debug|Any CPU.ActiveCfg = Debug|Any CPU
		{60733E19-4F69-47FF-AC61-BBD3F2339DB1}.Debug|Any CPU.Build.0 = Debug|Any CPU
		{60733E19-4F69-47FF-AC61-BBD3F2339DB1}.Debug|x86.ActiveCfg = Debug|Any CPU
		{60733E19-4F69-47FF-AC61-BBD3F2339DB1}.Debug|x86.Build.0 = Debug|Any CPU
		{60733E19-4F69-47FF-AC61-BBD3F2339DB1}.Release|Any CPU.ActiveCfg = Release|Any CPU
		{60733E19-4F69-47FF-AC61-BBD3F2339DB1}.Release|Any CPU.Build.0 = Release|Any CPU
		{60733E19-4F69-47FF-AC61-BBD3F2339DB1}.Release|x86.ActiveCfg = Release|Any CPU
		{60733E19-4F69-47FF-AC61-BBD3F2339DB1}.Release|x86.Build.0 = Release|Any CPU
	EndGlobalSection
	GlobalSection(SolutionProperties) = preSolution
		HideSolutionNode = FALSE
	EndGlobalSection
EndGlobal
