// !$*UTF8*$!
{
	archiveVersion = 1;
	classes = {
	};
	objectVersion = 46;
	objects = {

/* Begin PBXBuildFile section */
		BA46B2D71E4297CB007FF709 /* main.cpp in Sources */ = {isa = PBXBuildFile; fileRef = BA46B2D11E4297CB007FF709 /* main.cpp */; };
		BA46B2D81E4297CB007FF709 /* pixmap.cpp in Sources */ = {isa = PBXBuildFile; fileRef = BA46B2D31E4297CB007FF709 /* pixmap.cpp */; };
		BA46B2D91E4297CB007FF709 /* program_arguments.cpp in Sources */ = {isa = PBXBuildFile; fileRef = BA46B2D51E4297CB007FF709 /* program_arguments.cpp */; };
		BA9125F31E429C240032CC35 /* libtbb.dylib in Frameworks */ = {isa = PBXBuildFile; fileRef = BA9125F11E429ACF0032CC35 /* libtbb.dylib */; };
/* End PBXBuildFile section */

/* Begin PBXFileReference section */
		BA46B2D11E4297CB007FF709 /* main.cpp */ = {isa = PBXFileReference; fileEncoding = 4; lastKnownFileType = sourcecode.cpp.cpp; name = main.cpp; path = ../../sources/main.cpp; sourceTree = "<group>"; };
		BA46B2D21E4297CB007FF709 /* pixel.hpp */ = {isa = PBXFileReference; fileEncoding = 4; lastKnownFileType = sourcecode.cpp.h; name = pixel.hpp; path = ../../sources/pixel.hpp; sourceTree = "<group>"; };
		BA46B2D31E4297CB007FF709 /* pixmap.cpp */ = {isa = PBXFileReference; fileEncoding = 4; lastKnownFileType = sourcecode.cpp.cpp; name = pixmap.cpp; path = ../../sources/pixmap.cpp; sourceTree = "<group>"; };
		BA46B2D41E4297CB007FF709 /* pixmap.hpp */ = {isa = PBXFileReference; fileEncoding = 4; lastKnownFileType = sourcecode.cpp.h; name = pixmap.hpp; path = ../../sources/pixmap.hpp; sourceTree = "<group>"; };
		BA46B2D51E4297CB007FF709 /* program_arguments.cpp */ = {isa = PBXFileReference; fileEncoding = 4; lastKnownFileType = sourcecode.cpp.cpp; name = program_arguments.cpp; path = ../../sources/program_arguments.cpp; sourceTree = "<group>"; };
		BA46B2D61E4297CB007FF709 /* program_arguments.hpp */ = {isa = PBXFileReference; fileEncoding = 4; lastKnownFileType = sourcecode.cpp.h; name = program_arguments.hpp; path = ../../sources/program_arguments.hpp; sourceTree = "<group>"; };
		BA9125F11E429ACF0032CC35 /* libtbb.dylib */ = {isa = PBXFileReference; lastKnownFileType = "compiled.mach-o.dylib"; name = libtbb.dylib; path = ../../third_party/tbb/lib/libtbb.dylib; sourceTree = "<group>"; };
		BAD09BF61E4296D10018BA10 /* hpcourse_lab1 */ = {isa = PBXFileReference; explicitFileType = "compiled.mach-o.executable"; includeInIndex = 0; path = hpcourse_lab1; sourceTree = BUILT_PRODUCTS_DIR; };
/* End PBXFileReference section */

/* Begin PBXFrameworksBuildPhase section */
		BAD09BF31E4296D10018BA10 /* Frameworks */ = {
			isa = PBXFrameworksBuildPhase;
			buildActionMask = 2147483647;
			files = (
				BA9125F31E429C240032CC35 /* libtbb.dylib in Frameworks */,
			);
			runOnlyForDeploymentPostprocessing = 0;
		};
/* End PBXFrameworksBuildPhase section */

/* Begin PBXGroup section */
		BA46B2D01E4297BA007FF709 /* sources */ = {
			isa = PBXGroup;
			children = (
				BA46B2D11E4297CB007FF709 /* main.cpp */,
				BA46B2D21E4297CB007FF709 /* pixel.hpp */,
				BA46B2D31E4297CB007FF709 /* pixmap.cpp */,
				BA46B2D41E4297CB007FF709 /* pixmap.hpp */,
				BA46B2D51E4297CB007FF709 /* program_arguments.cpp */,
				BA46B2D61E4297CB007FF709 /* program_arguments.hpp */,
			);
			name = sources;
			sourceTree = "<group>";
		};
		BA9125F01E429ACF0032CC35 /* Frameworks */ = {
			isa = PBXGroup;
			children = (
				BA9125F11E429ACF0032CC35 /* libtbb.dylib */,
			);
			name = Frameworks;
			sourceTree = "<group>";
		};
		BAD09BED1E4296D10018BA10 = {
			isa = PBXGroup;
			children = (
				BA46B2D01E4297BA007FF709 /* sources */,
				BAD09BF71E4296D10018BA10 /* Products */,
				BA9125F01E429ACF0032CC35 /* Frameworks */,
			);
			sourceTree = "<group>";
		};
		BAD09BF71E4296D10018BA10 /* Products */ = {
			isa = PBXGroup;
			children = (
				BAD09BF61E4296D10018BA10 /* hpcourse_lab1 */,
			);
			name = Products;
			sourceTree = "<group>";
		};
/* End PBXGroup section */

/* Begin PBXNativeTarget section */
		BAD09BF51E4296D10018BA10 /* hpcourse_lab1 */ = {
			isa = PBXNativeTarget;
			buildConfigurationList = BAD09BFD1E4296D10018BA10 /* Build configuration list for PBXNativeTarget "hpcourse_lab1" */;
			buildPhases = (
				BAD09BF21E4296D10018BA10 /* Sources */,
				BAD09BF31E4296D10018BA10 /* Frameworks */,
			);
			buildRules = (
			);
			dependencies = (
			);
			name = hpcourse_lab1;
			productName = hpcourse_lab1;
			productReference = BAD09BF61E4296D10018BA10 /* hpcourse_lab1 */;
			productType = "com.apple.product-type.tool";
		};
/* End PBXNativeTarget section */

/* Begin PBXProject section */
		BAD09BEE1E4296D10018BA10 /* Project object */ = {
			isa = PBXProject;
			attributes = {
				LastUpgradeCheck = 0820;
				ORGANIZATIONNAME = "Aleksei Borisov";
				TargetAttributes = {
					BAD09BF51E4296D10018BA10 = {
						CreatedOnToolsVersion = 8.2.1;
						ProvisioningStyle = Automatic;
					};
				};
			};
			buildConfigurationList = BAD09BF11E4296D10018BA10 /* Build configuration list for PBXProject "hpcourse_lab1" */;
			compatibilityVersion = "Xcode 3.2";
			developmentRegion = English;
			hasScannedForEncodings = 0;
			knownRegions = (
				en,
			);
			mainGroup = BAD09BED1E4296D10018BA10;
			productRefGroup = BAD09BF71E4296D10018BA10 /* Products */;
			projectDirPath = "";
			projectRoot = "";
			targets = (
				BAD09BF51E4296D10018BA10 /* hpcourse_lab1 */,
			);
		};
/* End PBXProject section */

/* Begin PBXSourcesBuildPhase section */
		BAD09BF21E4296D10018BA10 /* Sources */ = {
			isa = PBXSourcesBuildPhase;
			buildActionMask = 2147483647;
			files = (
				BA46B2D81E4297CB007FF709 /* pixmap.cpp in Sources */,
				BA46B2D71E4297CB007FF709 /* main.cpp in Sources */,
				BA46B2D91E4297CB007FF709 /* program_arguments.cpp in Sources */,
			);
			runOnlyForDeploymentPostprocessing = 0;
		};
/* End PBXSourcesBuildPhase section */

/* Begin XCBuildConfiguration section */
		BAD09BFB1E4296D10018BA10 /* Debug */ = {
			isa = XCBuildConfiguration;
			buildSettings = {
				ALWAYS_SEARCH_USER_PATHS = NO;
				CLANG_ANALYZER_NONNULL = YES;
				CLANG_CXX_LANGUAGE_STANDARD = "gnu++14";
				CLANG_CXX_LIBRARY = "libc++";
				CLANG_ENABLE_MODULES = YES;
				CLANG_ENABLE_OBJC_ARC = YES;
				CLANG_WARN_BOOL_CONVERSION = YES;
				CLANG_WARN_CONSTANT_CONVERSION = YES;
				CLANG_WARN_DIRECT_OBJC_ISA_USAGE = YES_ERROR;
				CLANG_WARN_DOCUMENTATION_COMMENTS = YES;
				CLANG_WARN_EMPTY_BODY = YES;
				CLANG_WARN_ENUM_CONVERSION = YES;
				CLANG_WARN_INFINITE_RECURSION = YES;
				CLANG_WARN_INT_CONVERSION = YES;
				CLANG_WARN_OBJC_ROOT_CLASS = YES_ERROR;
				CLANG_WARN_SUSPICIOUS_MOVE = YES;
				CLANG_WARN_UNREACHABLE_CODE = YES;
				CLANG_WARN__DUPLICATE_METHOD_MATCH = YES;
				CODE_SIGN_IDENTITY = "-";
				COPY_PHASE_STRIP = NO;
				DEBUG_INFORMATION_FORMAT = dwarf;
				ENABLE_STRICT_OBJC_MSGSEND = YES;
				ENABLE_TESTABILITY = YES;
				GCC_C_LANGUAGE_STANDARD = gnu99;
				GCC_DYNAMIC_NO_PIC = NO;
				GCC_NO_COMMON_BLOCKS = YES;
				GCC_OPTIMIZATION_LEVEL = 0;
				GCC_PREPROCESSOR_DEFINITIONS = (
					"DEBUG=1",
					"$(inherited)",
				);
				GCC_WARN_64_TO_32_BIT_CONVERSION = YES;
				GCC_WARN_ABOUT_RETURN_TYPE = YES_ERROR;
				GCC_WARN_UNDECLARED_SELECTOR = YES;
				GCC_WARN_UNINITIALIZED_AUTOS = YES_AGGRESSIVE;
				GCC_WARN_UNUSED_FUNCTION = YES;
				GCC_WARN_UNUSED_VARIABLE = YES;
				HEADER_SEARCH_PATHS = ../../third_party/tbb/include/;
				LIBRARY_SEARCH_PATHS = ../../third_party/tbb/lib/;
				MACOSX_DEPLOYMENT_TARGET = 10.12;
				MTL_ENABLE_DEBUG_INFO = YES;
				ONLY_ACTIVE_ARCH = YES;
				SDKROOT = macosx;
				SKIP_INSTALL = YES;
			};
			name = Debug;
		};
		BAD09BFC1E4296D10018BA10 /* Release */ = {
			isa = XCBuildConfiguration;
			buildSettings = {
				ALWAYS_SEARCH_USER_PATHS = NO;
				CLANG_ANALYZER_NONNULL = YES;
				CLANG_CXX_LANGUAGE_STANDARD = "gnu++14";
				CLANG_CXX_LIBRARY = "libc++";
				CLANG_ENABLE_MODULES = YES;
				CLANG_ENABLE_OBJC_ARC = YES;
				CLANG_WARN_BOOL_CONVERSION = YES;
				CLANG_WARN_CONSTANT_CONVERSION = YES;
				CLANG_WARN_DIRECT_OBJC_ISA_USAGE = YES_ERROR;
				CLANG_WARN_DOCUMENTATION_COMMENTS = YES;
				CLANG_WARN_EMPTY_BODY = YES;
				CLANG_WARN_ENUM_CONVERSION = YES;
				CLANG_WARN_INFINITE_RECURSION = YES;
				CLANG_WARN_INT_CONVERSION = YES;
				CLANG_WARN_OBJC_ROOT_CLASS = YES_ERROR;
				CLANG_WARN_SUSPICIOUS_MOVE = YES;
				CLANG_WARN_UNREACHABLE_CODE = YES;
				CLANG_WARN__DUPLICATE_METHOD_MATCH = YES;
				CODE_SIGN_IDENTITY = "-";
				COPY_PHASE_STRIP = NO;
				DEBUG_INFORMATION_FORMAT = "dwarf-with-dsym";
				ENABLE_NS_ASSERTIONS = NO;
				ENABLE_STRICT_OBJC_MSGSEND = YES;
				GCC_C_LANGUAGE_STANDARD = gnu99;
				GCC_NO_COMMON_BLOCKS = YES;
				GCC_OPTIMIZATION_LEVEL = fast;
				GCC_WARN_64_TO_32_BIT_CONVERSION = YES;
				GCC_WARN_ABOUT_RETURN_TYPE = YES_ERROR;
				GCC_WARN_UNDECLARED_SELECTOR = YES;
				GCC_WARN_UNINITIALIZED_AUTOS = YES_AGGRESSIVE;
				GCC_WARN_UNUSED_FUNCTION = YES;
				GCC_WARN_UNUSED_VARIABLE = YES;
				HEADER_SEARCH_PATHS = ../../third_party/tbb/include/;
				LIBRARY_SEARCH_PATHS = ../../third_party/tbb/lib/;
				MACOSX_DEPLOYMENT_TARGET = 10.12;
				MTL_ENABLE_DEBUG_INFO = NO;
				SDKROOT = macosx;
				SKIP_INSTALL = YES;
			};
			name = Release;
		};
		BAD09BFE1E4296D10018BA10 /* Debug */ = {
			isa = XCBuildConfiguration;
			buildSettings = {
				LD_DYLIB_INSTALL_NAME = "";
				LD_RUNPATH_SEARCH_PATHS = "$(PROJECT_DIR)/../../third_party/tbb/lib/";
				PRODUCT_NAME = "$(TARGET_NAME)";
			};
			name = Debug;
		};
		BAD09BFF1E4296D10018BA10 /* Release */ = {
			isa = XCBuildConfiguration;
			buildSettings = {
				LD_DYLIB_INSTALL_NAME = "";
				LD_RUNPATH_SEARCH_PATHS = "$(PROJECT_DIR)/../../third_party/tbb/lib/";
				PRODUCT_NAME = "$(TARGET_NAME)";
			};
			name = Release;
		};
/* End XCBuildConfiguration section */

/* Begin XCConfigurationList section */
		BAD09BF11E4296D10018BA10 /* Build configuration list for PBXProject "hpcourse_lab1" */ = {
			isa = XCConfigurationList;
			buildConfigurations = (
				BAD09BFB1E4296D10018BA10 /* Debug */,
				BAD09BFC1E4296D10018BA10 /* Release */,
			);
			defaultConfigurationIsVisible = 0;
			defaultConfigurationName = Release;
		};
		BAD09BFD1E4296D10018BA10 /* Build configuration list for PBXNativeTarget "hpcourse_lab1" */ = {
			isa = XCConfigurationList;
			buildConfigurations = (
				BAD09BFE1E4296D10018BA10 /* Debug */,
				BAD09BFF1E4296D10018BA10 /* Release */,
			);
			defaultConfigurationIsVisible = 0;
			defaultConfigurationName = Release;
		};
/* End XCConfigurationList section */
	};
	rootObject = BAD09BEE1E4296D10018BA10 /* Project object */;
}
