
Microsoft Visual Studio Solution File, Format Version 12.00
# Visual Studio 15
VisualStudioVersion = 15.0.27130.2026
MinimumVisualStudioVersion = 10.0.40219.1
Project("{FAE04EC0-301F-11D3-BF4B-00C04F79EFBC}") = "consoleChat", "consoleChat\consoleChat.csproj", "{55F3C0A2-1F1A-4A71-8A6F-9B90FB25660D}"
EndProject
Project("{FAE04EC0-301F-11D3-BF4B-00C04F79EFBC}") = "ConsoleClient", "ConsoleClient\ConsoleClient.csproj", "{2C961F74-1629-4FB0-A5DC-2269BFE38933}"
EndProject
Project("{FAE04EC0-301F-11D3-BF4B-00C04F79EFBC}") = "ConsoleServer", "ConsoleServer\ConsoleServer.csproj", "{689A6CD0-695B-4EBB-8E96-37A3E3C99C61}"
EndProject
Project("{2150E333-8FDC-42A3-9474-1A3956D46DE8}") = "Solution Items", "Solution Items", "{51E9A0EA-29EF-4A59-89DD-65ADEDAC9D37}"
EndProject
Global
	GlobalSection(SolutionConfigurationPlatforms) = preSolution
		Debug|Any CPU = Debug|Any CPU
		Release|Any CPU = Release|Any CPU
	EndGlobalSection
	GlobalSection(ProjectConfigurationPlatforms) = postSolution
		{55F3C0A2-1F1A-4A71-8A6F-9B90FB25660D}.Debug|Any CPU.ActiveCfg = Debug|Any CPU
		{55F3C0A2-1F1A-4A71-8A6F-9B90FB25660D}.Debug|Any CPU.Build.0 = Debug|Any CPU
		{55F3C0A2-1F1A-4A71-8A6F-9B90FB25660D}.Release|Any CPU.ActiveCfg = Release|Any CPU
		{55F3C0A2-1F1A-4A71-8A6F-9B90FB25660D}.Release|Any CPU.Build.0 = Release|Any CPU
		{2C961F74-1629-4FB0-A5DC-2269BFE38933}.Debug|Any CPU.ActiveCfg = Debug|Any CPU
		{2C961F74-1629-4FB0-A5DC-2269BFE38933}.Debug|Any CPU.Build.0 = Debug|Any CPU
		{2C961F74-1629-4FB0-A5DC-2269BFE38933}.Release|Any CPU.ActiveCfg = Release|Any CPU
		{2C961F74-1629-4FB0-A5DC-2269BFE38933}.Release|Any CPU.Build.0 = Release|Any CPU
		{689A6CD0-695B-4EBB-8E96-37A3E3C99C61}.Debug|Any CPU.ActiveCfg = Debug|Any CPU
		{689A6CD0-695B-4EBB-8E96-37A3E3C99C61}.Debug|Any CPU.Build.0 = Debug|Any CPU
		{689A6CD0-695B-4EBB-8E96-37A3E3C99C61}.Release|Any CPU.ActiveCfg = Release|Any CPU
		{689A6CD0-695B-4EBB-8E96-37A3E3C99C61}.Release|Any CPU.Build.0 = Release|Any CPU
	EndGlobalSection
	GlobalSection(SolutionProperties) = preSolution
		HideSolutionNode = FALSE
	EndGlobalSection
	GlobalSection(ExtensibilityGlobals) = postSolution
		SolutionGuid = {5239656C-DE44-4B3D-8E9F-D3548C2336E1}
	EndGlobalSection
EndGlobal
